<?xml version="1.0" encoding="utf-8"?>
<Project ToolsVersion="4.0" xmlns="http://schemas.microsoft.com/developer/msbuild/2003">
  <ItemGroup>
    <Filter Include="inc">
      <UniqueIdentifier>{93995380-89BD-4b04-88EB-625FBE52EBFB}</UniqueIdentifier>
      <Extensions>h;hh;hpp;hxx;hm;inl;inc;xsd</Extensions>
    </Filter>
    <Filter Include="res">
      <UniqueIdentifier>{67DA6AB6-F800-4c08-8B7A-83BB121AAD01}</UniqueIdentifier>
      <Extensions>rc;ico;cur;bmp;dlg;rc2;rct;bin;rgs;gif;jpg;jpeg;jpe;resx;tiff;tif;png;wav;mfcribbon-ms</Extensions>
    </Filter>
    <Filter Include="src">
      <UniqueIdentifier>{4FC737F1-C7A5-4376-A066-2A32D752A2FF}</UniqueIdentifier>
      <Extensions>cpp;c;cc;cxx;def;odl;idl;hpj;bat;asm;asmx</Extensions>
    </Filter>
    <Filter Include="doc">
      <UniqueIdentifier>{b6e14967-48ed-4d9f-a460-164953eeaa28}</UniqueIdentifier>
    </Filter>
  </ItemGroup>
  <ItemGroup>
    <Text Include="..\..\doc\ReadMe.txt">
      <Filter>doc</Filter>
    </Text>
  </ItemGroup>
  <ItemGroup>
    <ClInclude Include="..\..\inc\stdafx.h">
      <Filter>inc</Filter>
    </ClInclude>
    <ClInclude Include="..\..\inc\targetver.h">
      <Filter>inc</Filter>
    </ClInclude>
    <ClInclude Include="..\..\inc\url_auto_gen.h">
      <Filter>inc</Filter>
    </ClInclude>
    <ClInclude Include="..\..\res\Resource.h">
      <Filter>inc</Filter>
    </ClInclude>
  </ItemGroup>
  <ItemGroup>
    <ResourceCompile Include="..\..\res\url_auto_gen.rc">
      <Filter>res</Filter>
    </ResourceCompile>
  </ItemGroup>
  <ItemGroup>
    <ClCompile Include="..\..\src\stdafx.cpp">
      <Filter>src</Filter>
    </ClCompile>
    <ClCompile Include="..\..\src\url_auto_gen.cpp">
      <Filter>src</Filter>
    </ClCompile>
  </ItemGroup>
</Project>